
Microsoft Visual Studio Solution File, Format Version 12.00
Project("{FAE04EC0-301F-11D3-BF4B-00C04F79EFBC}") = "CatADog.Domain.Model", "CatADog.Domain.Model\CatADog.Domain.Model.csproj", "{57D4D11B-8D33-479A-B655-8A1DB98AC63D}"
EndProject
Project("{FAE04EC0-301F-11D3-BF4B-00C04F79EFBC}") = "CatADog.Infra.Mapping", "CatADog.Infra.Mapping\CatADog.Infra.Mapping.csproj", "{54F1346C-1BB2-4DD0-8BE0-CBD4C63132D4}"
EndProject
Project("{FAE04EC0-301F-11D3-BF4B-00C04F79EFBC}") = "CatADog.Infra.Repositories", "CatADog.Infra.Repositories\CatADog.Infra.Repositories.csproj", "{F54704ED-391C-4B54-9485-D9DF9E482CF4}"
EndProject
Project("{FAE04EC0-301F-11D3-BF4B-00C04F79EFBC}") = "CatADog.Api", "CatADog.Api\CatADog.Api.csproj", "{37FA7284-4728-4C8A-8034-3B40F55146DB}"
EndProject
Project("{FAE04EC0-301F-11D3-BF4B-00C04F79EFBC}") = "CatADog.Domain", "CatADog.Domain\CatADog.Domain.csproj", "{47C1279D-96AF-4736-B2DB-CE9BA92B3807}"
EndProject
Project("{FAE04EC0-301F-11D3-BF4B-00C04F79EFBC}") = "CatADog.Infra.Starter", "CatADog.Infra.Starter\CatADog.Infra.Starter.csproj", "{93624937-CD34-4279-95FB-5033A5AC5C9A}"
EndProject
Global
	GlobalSection(SolutionConfigurationPlatforms) = preSolution
		Debug|Any CPU = Debug|Any CPU
		Release|Any CPU = Release|Any CPU
	EndGlobalSection
	GlobalSection(ProjectConfigurationPlatforms) = postSolution
		{57D4D11B-8D33-479A-B655-8A1DB98AC63D}.Debug|Any CPU.ActiveCfg = Debug|Any CPU
		{57D4D11B-8D33-479A-B655-8A1DB98AC63D}.Debug|Any CPU.Build.0 = Debug|Any CPU
		{57D4D11B-8D33-479A-B655-8A1DB98AC63D}.Release|Any CPU.ActiveCfg = Release|Any CPU
		{57D4D11B-8D33-479A-B655-8A1DB98AC63D}.Release|Any CPU.Build.0 = Release|Any CPU
		{54F1346C-1BB2-4DD0-8BE0-CBD4C63132D4}.Debug|Any CPU.ActiveCfg = Debug|Any CPU
		{54F1346C-1BB2-4DD0-8BE0-CBD4C63132D4}.Debug|Any CPU.Build.0 = Debug|Any CPU
		{54F1346C-1BB2-4DD0-8BE0-CBD4C63132D4}.Release|Any CPU.ActiveCfg = Release|Any CPU
		{54F1346C-1BB2-4DD0-8BE0-CBD4C63132D4}.Release|Any CPU.Build.0 = Release|Any CPU
		{F54704ED-391C-4B54-9485-D9DF9E482CF4}.Debug|Any CPU.ActiveCfg = Debug|Any CPU
		{F54704ED-391C-4B54-9485-D9DF9E482CF4}.Debug|Any CPU.Build.0 = Debug|Any CPU
		{F54704ED-391C-4B54-9485-D9DF9E482CF4}.Release|Any CPU.ActiveCfg = Release|Any CPU
		{F54704ED-391C-4B54-9485-D9DF9E482CF4}.Release|Any CPU.Build.0 = Release|Any CPU
		{37FA7284-4728-4C8A-8034-3B40F55146DB}.Debug|Any CPU.ActiveCfg = Debug|Any CPU
		{37FA7284-4728-4C8A-8034-3B40F55146DB}.Debug|Any CPU.Build.0 = Debug|Any CPU
		{37FA7284-4728-4C8A-8034-3B40F55146DB}.Release|Any CPU.ActiveCfg = Release|Any CPU
		{37FA7284-4728-4C8A-8034-3B40F55146DB}.Release|Any CPU.Build.0 = Release|Any CPU
		{47C1279D-96AF-4736-B2DB-CE9BA92B3807}.Debug|Any CPU.ActiveCfg = Debug|Any CPU
		{47C1279D-96AF-4736-B2DB-CE9BA92B3807}.Debug|Any CPU.Build.0 = Debug|Any CPU
		{47C1279D-96AF-4736-B2DB-CE9BA92B3807}.Release|Any CPU.ActiveCfg = Release|Any CPU
		{47C1279D-96AF-4736-B2DB-CE9BA92B3807}.Release|Any CPU.Build.0 = Release|Any CPU
		{93624937-CD34-4279-95FB-5033A5AC5C9A}.Debug|Any CPU.ActiveCfg = Debug|Any CPU
		{93624937-CD34-4279-95FB-5033A5AC5C9A}.Debug|Any CPU.Build.0 = Debug|Any CPU
		{93624937-CD34-4279-95FB-5033A5AC5C9A}.Release|Any CPU.ActiveCfg = Release|Any CPU
		{93624937-CD34-4279-95FB-5033A5AC5C9A}.Release|Any CPU.Build.0 = Release|Any CPU
	EndGlobalSection
EndGlobal
